
Microsoft Visual Studio Solution File, Format Version 12.00
# Visual Studio Version 16
VisualStudioVersion = 16.0.30907.101
MinimumVisualStudioVersion = 10.0.40219.1
Project("{FAE04EC0-301F-11D3-BF4B-00C04F79EFBC}") = "M3S3", "M3S3\M3S3.csproj", "{772BEC8C-5C46-4E4B-B3FC-55A2FE8AF4A3}"
EndProject
Global
	GlobalSection(SolutionConfigurationPlatforms) = preSolution
		Debug|Any CPU = Debug|Any CPU
		Release|Any CPU = Release|Any CPU
	EndGlobalSection
	GlobalSection(ProjectConfigurationPlatforms) = postSolution
		{772BEC8C-5C46-4E4B-B3FC-55A2FE8AF4A3}.Debug|Any CPU.ActiveCfg = Debug|Any CPU
		{772BEC8C-5C46-4E4B-B3FC-55A2FE8AF4A3}.Debug|Any CPU.Build.0 = Debug|Any CPU
		{772BEC8C-5C46-4E4B-B3FC-55A2FE8AF4A3}.Release|Any CPU.ActiveCfg = Release|Any CPU
		{772BEC8C-5C46-4E4B-B3FC-55A2FE8AF4A3}.Release|Any CPU.Build.0 = Release|Any CPU
	EndGlobalSection
	GlobalSection(SolutionProperties) = preSolution
		HideSolutionNode = FALSE
	EndGlobalSection
	GlobalSection(ExtensibilityGlobals) = postSolution
		SolutionGuid = {8D58B465-97BD-465E-883A-AAFAAA8BC24D}
	EndGlobalSection
EndGlobal
